{
  "requires": true,
  "lockfileVersion": 1,
  "dependencies": {
    "mithril": {
      "version": "2.0.3",
      "resolved": "https://registry.npmjs.org/mithril/-/mithril-2.0.3.tgz",
      "integrity": "sha512-iIbfChQswUJJf4Vc24NMBwfE2hV7SBwpyVoJ7raO9YhAjCCvLQ+G1Nvpz1jDMsPJQc46EHSplxiDGe0rAi/vqQ=="
    },
    "tagl": {
      "version": "1.1.2",
      "resolved": "https://registry.npmjs.org/tagl/-/tagl-1.1.2.tgz",
      "integrity": "sha512-Yci/R5hIOFVpBeXf6fOuxQSwtt+fgyl8bzi+ze2gvGmeFMxSJAARLG3d+2G2UIQOqkXvrA22UbGkNmFxBmOd9g=="
    },
    "tagl-mithril": {
      "version": "1.0.4",
      "resolved": "https://registry.npmjs.org/tagl-mithril/-/tagl-mithril-1.0.4.tgz",
      "integrity": "sha512-NXIIhqSZiidQDMCvsb8e6b0CATPk3EOOriB+pcAhTt7Av7LLYbV+P2843bhGUOs9JyeQ7kXsr2QdrtGR77QGPw==",
      "requires": {
        "tagl": "^1.1.2"
      }
    }
  }
}
